// !$*UTF8*$!
{
	archiveVersion = 1;
	classes = {
	};
	objectVersion = 46;
	objects = {

/* Begin PBXBuildFile section */
		D366123F1BBD70690029D701 /* main.m in Sources */ = {isa = PBXBuildFile; fileRef = D366123E1BBD70690029D701 /* main.m */; };
		D36612421BBD70690029D701 /* AppDelegate.m in Sources */ = {isa = PBXBuildFile; fileRef = D36612411BBD70690029D701 /* AppDelegate.m */; };
		D36612451BBD70690029D701 /* ViewController.m in Sources */ = {isa = PBXBuildFile; fileRef = D36612441BBD70690029D701 /* ViewController.m */; };
		D36612481BBD70690029D701 /* Main.storyboard in Resources */ = {isa = PBXBuildFile; fileRef = D36612461BBD70690029D701 /* Main.storyboard */; };
		D366124A1BBD70690029D701 /* Images.xcassets in Resources */ = {isa = PBXBuildFile; fileRef = D36612491BBD70690029D701 /* Images.xcassets */; };
		D366124D1BBD70690029D701 /* LaunchScreen.xib in Resources */ = {isa = PBXBuildFile; fileRef = D366124B1BBD70690029D701 /* LaunchScreen.xib */; };
		D36612591BBD70690029D701 /* JenkinsiOSTests.m in Sources */ = {isa = PBXBuildFile; fileRef = D36612581BBD70690029D701 /* JenkinsiOSTests.m */; };
		D36612631BBD71660029D701 /* Default-568h@2x.png in Resources */ = {isa = PBXBuildFile; fileRef = D36612621BBD71660029D701 /* Default-568h@2x.png */; };
/* End PBXBuildFile section */

/* Begin PBXContainerItemProxy section */
		D36612531BBD70690029D701 /* PBXContainerItemProxy */ = {
			isa = PBXContainerItemProxy;
			containerPortal = D36612311BBD70690029D701 /* Project object */;
			proxyType = 1;
			remoteGlobalIDString = D36612381BBD70690029D701;
			remoteInfo = JenkinsiOS;
		};
/* End PBXContainerItemProxy section */

/* Begin PBXFileReference section */
		D36612391BBD70690029D701 /* JenkinsiOS.app */ = {isa = PBXFileReference; explicitFileType = wrapper.application; includeInIndex = 0; path = JenkinsiOS.app; sourceTree = BUILT_PRODUCTS_DIR; };
		D366123D1BBD70690029D701 /* Info.plist */ = {isa = PBXFileReference; lastKnownFileType = text.plist.xml; path = Info.plist; sourceTree = "<group>"; };
		D366123E1BBD70690029D701 /* main.m */ = {isa = PBXFileReference; lastKnownFileType = sourcecode.c.objc; path = main.m; sourceTree = "<group>"; };
		D36612401BBD70690029D701 /* AppDelegate.h */ = {isa = PBXFileReference; lastKnownFileType = sourcecode.c.h; path = AppDelegate.h; sourceTree = "<group>"; };
		D36612411BBD70690029D701 /* AppDelegate.m */ = {isa = PBXFileReference; lastKnownFileType = sourcecode.c.objc; path = AppDelegate.m; sourceTree = "<group>"; };
		D36612431BBD70690029D701 /* ViewController.h */ = {isa = PBXFileReference; lastKnownFileType = sourcecode.c.h; path = ViewController.h; sourceTree = "<group>"; };
		D36612441BBD70690029D701 /* ViewController.m */ = {isa = PBXFileReference; lastKnownFileType = sourcecode.c.objc; path = ViewController.m; sourceTree = "<group>"; };
		D36612471BBD70690029D701 /* Base */ = {isa = PBXFileReference; lastKnownFileType = file.storyboard; name = Base; path = Base.lproj/Main.storyboard; sourceTree = "<group>"; };
		D36612491BBD70690029D701 /* Images.xcassets */ = {isa = PBXFileReference; lastKnownFileType = folder.assetcatalog; path = Images.xcassets; sourceTree = "<group>"; };
		D366124C1BBD70690029D701 /* Base */ = {isa = PBXFileReference; lastKnownFileType = file.xib; name = Base; path = Base.lproj/LaunchScreen.xib; sourceTree = "<group>"; };
		D36612521BBD70690029D701 /* JenkinsiOSTests.xctest */ = {isa = PBXFileReference; explicitFileType = wrapper.cfbundle; includeInIndex = 0; path = JenkinsiOSTests.xctest; sourceTree = BUILT_PRODUCTS_DIR; };
		D36612571BBD70690029D701 /* Info.plist */ = {isa = PBXFileReference; lastKnownFileType = text.plist.xml; path = Info.plist; sourceTree = "<group>"; };
		D36612581BBD70690029D701 /* JenkinsiOSTests.m */ = {isa = PBXFileReference; lastKnownFileType = sourcecode.c.objc; path = JenkinsiOSTests.m; sourceTree = "<group>"; };
		D36612621BBD71660029D701 /* Default-568h@2x.png */ = {isa = PBXFileReference; lastKnownFileType = image.png; path = "Default-568h@2x.png"; sourceTree = "<group>"; };
/* End PBXFileReference section */

/* Begin PBXFrameworksBuildPhase section */
		D36612361BBD70690029D701 /* Frameworks */ = {
			isa = PBXFrameworksBuildPhase;
			buildActionMask = 2147483647;
			files = (
			);
			runOnlyForDeploymentPostprocessing = 0;
		};
		D366124F1BBD70690029D701 /* Frameworks */ = {
			isa = PBXFrameworksBuildPhase;
			buildActionMask = 2147483647;
			files = (
			);
			runOnlyForDeploymentPostprocessing = 0;
		};
/* End PBXFrameworksBuildPhase section */

/* Begin PBXGroup section */
		D36612301BBD70690029D701 = {
			isa = PBXGroup;
			children = (
				D366123B1BBD70690029D701 /* JenkinsiOS */,
				D36612551BBD70690029D701 /* JenkinsiOSTests */,
				D366123A1BBD70690029D701 /* Products */,
			);
			sourceTree = "<group>";
		};
		D366123A1BBD70690029D701 /* Products */ = {
			isa = PBXGroup;
			children = (
				D36612391BBD70690029D701 /* JenkinsiOS.app */,
				D36612521BBD70690029D701 /* JenkinsiOSTests.xctest */,
			);
			name = Products;
			sourceTree = "<group>";
		};
		D366123B1BBD70690029D701 /* JenkinsiOS */ = {
			isa = PBXGroup;
			children = (
				D36612621BBD71660029D701 /* Default-568h@2x.png */,
				D36612401BBD70690029D701 /* AppDelegate.h */,
				D36612411BBD70690029D701 /* AppDelegate.m */,
				D36612431BBD70690029D701 /* ViewController.h */,
				D36612441BBD70690029D701 /* ViewController.m */,
				D36612461BBD70690029D701 /* Main.storyboard */,
				D36612491BBD70690029D701 /* Images.xcassets */,
				D366124B1BBD70690029D701 /* LaunchScreen.xib */,
				D366123C1BBD70690029D701 /* Supporting Files */,
			);
			path = JenkinsiOS;
			sourceTree = "<group>";
		};
		D366123C1BBD70690029D701 /* Supporting Files */ = {
			isa = PBXGroup;
			children = (
				D366123D1BBD70690029D701 /* Info.plist */,
				D366123E1BBD70690029D701 /* main.m */,
			);
			name = "Supporting Files";
			sourceTree = "<group>";
		};
		D36612551BBD70690029D701 /* JenkinsiOSTests */ = {
			isa = PBXGroup;
			children = (
				D36612581BBD70690029D701 /* JenkinsiOSTests.m */,
				D36612561BBD70690029D701 /* Supporting Files */,
			);
			path = JenkinsiOSTests;
			sourceTree = "<group>";
		};
		D36612561BBD70690029D701 /* Supporting Files */ = {
			isa = PBXGroup;
			children = (
				D36612571BBD70690029D701 /* Info.plist */,
			);
			name = "Supporting Files";
			sourceTree = "<group>";
		};
/* End PBXGroup section */

/* Begin PBXNativeTarget section */
		D36612381BBD70690029D701 /* JenkinsiOS */ = {
			isa = PBXNativeTarget;
			buildConfigurationList = D366125C1BBD70690029D701 /* Build configuration list for PBXNativeTarget "JenkinsiOS" */;
			buildPhases = (
				D36612351BBD70690029D701 /* Sources */,
				D36612361BBD70690029D701 /* Frameworks */,
				D36612371BBD70690029D701 /* Resources */,
			);
			buildRules = (
			);
			dependencies = (
			);
			name = JenkinsiOS;
			productName = JenkinsiOS;
			productReference = D36612391BBD70690029D701 /* JenkinsiOS.app */;
			productType = "com.apple.product-type.application";
		};
		D36612511BBD70690029D701 /* JenkinsiOSTests */ = {
			isa = PBXNativeTarget;
			buildConfigurationList = D366125F1BBD70690029D701 /* Build configuration list for PBXNativeTarget "JenkinsiOSTests" */;
			buildPhases = (
				D366124E1BBD70690029D701 /* Sources */,
				D366124F1BBD70690029D701 /* Frameworks */,
				D36612501BBD70690029D701 /* Resources */,
			);
			buildRules = (
			);
			dependencies = (
				D36612541BBD70690029D701 /* PBXTargetDependency */,
			);
			name = JenkinsiOSTests;
			productName = JenkinsiOSTests;
			productReference = D36612521BBD70690029D701 /* JenkinsiOSTests.xctest */;
			productType = "com.apple.product-type.bundle.unit-test";
		};
/* End PBXNativeTarget section */

/* Begin PBXProject section */
		D36612311BBD70690029D701 /* Project object */ = {
			isa = PBXProject;
			attributes = {
				LastUpgradeCheck = 0640;
				ORGANIZATIONNAME = KiwiTech;
				TargetAttributes = {
					D36612381BBD70690029D701 = {
						CreatedOnToolsVersion = 6.4;
					};
					D36612511BBD70690029D701 = {
						CreatedOnToolsVersion = 6.4;
						TestTargetID = D36612381BBD70690029D701;
					};
				};
			};
			buildConfigurationList = D36612341BBD70690029D701 /* Build configuration list for PBXProject "JenkinsiOS" */;
			compatibilityVersion = "Xcode 3.2";
			developmentRegion = English;
			hasScannedForEncodings = 0;
			knownRegions = (
				en,
				Base,
			);
			mainGroup = D36612301BBD70690029D701;
			productRefGroup = D366123A1BBD70690029D701 /* Products */;
			projectDirPath = "";
			projectRoot = "";
			targets = (
				D36612381BBD70690029D701 /* JenkinsiOS */,
				D36612511BBD70690029D701 /* JenkinsiOSTests */,
			);
		};
/* End PBXProject section */

/* Begin PBXResourcesBuildPhase section */
		D36612371BBD70690029D701 /* Resources */ = {
			isa = PBXResourcesBuildPhase;
			buildActionMask = 2147483647;
			files = (
				D36612481BBD70690029D701 /* Main.storyboard in Resources */,
				D366124D1BBD70690029D701 /* LaunchScreen.xib in Resources */,
				D36612631BBD71660029D701 /* Default-568h@2x.png in Resources */,
				D366124A1BBD70690029D701 /* Images.xcassets in Resources */,
			);
			runOnlyForDeploymentPostprocessing = 0;
		};
		D36612501BBD70690029D701 /* Resources */ = {
			isa = PBXResourcesBuildPhase;
			buildActionMask = 2147483647;
			files = (
			);
			runOnlyForDeploymentPostprocessing = 0;
		};
/* End PBXResourcesBuildPhase section */

/* Begin PBXSourcesBuildPhase section */
		D36612351BBD70690029D701 /* Sources */ = {
			isa = PBXSourcesBuildPhase;
			buildActionMask = 2147483647;
			files = (
				D36612451BBD70690029D701 /* ViewController.m in Sources */,
				D36612421BBD70690029D701 /* AppDelegate.m in Sources */,
				D366123F1BBD70690029D701 /* main.m in Sources */,
			);
			runOnlyForDeploymentPostprocessing = 0;
		};
		D366124E1BBD70690029D701 /* Sources */ = {
			isa = PBXSourcesBuildPhase;
			buildActionMask = 2147483647;
			files = (
				D36612591BBD70690029D701 /* JenkinsiOSTests.m in Sources */,
			);
			runOnlyForDeploymentPostprocessing = 0;
		};
/* End PBXSourcesBuildPhase section */

/* Begin PBXTargetDependency section */
		D36612541BBD70690029D701 /* PBXTargetDependency */ = {
			isa = PBXTargetDependency;
			target = D36612381BBD70690029D701 /* JenkinsiOS */;
			targetProxy = D36612531BBD70690029D701 /* PBXContainerItemProxy */;
		};
/* End PBXTargetDependency section */

/* Begin PBXVariantGroup section */
		D36612461BBD70690029D701 /* Main.storyboard */ = {
			isa = PBXVariantGroup;
			children = (
				D36612471BBD70690029D701 /* Base */,
			);
			name = Main.storyboard;
			sourceTree = "<group>";
		};
		D366124B1BBD70690029D701 /* LaunchScreen.xib */ = {
			isa = PBXVariantGroup;
			children = (
				D366124C1BBD70690029D701 /* Base */,
			);
			name = LaunchScreen.xib;
			sourceTree = "<group>";
		};
/* End PBXVariantGroup section */

/* Begin XCBuildConfiguration section */
		D366125A1BBD70690029D701 /* Debug */ = {
			isa = XCBuildConfiguration;
			buildSettings = {
				ALWAYS_SEARCH_USER_PATHS = NO;
				CLANG_CXX_LANGUAGE_STANDARD = "gnu++0x";
				CLANG_CXX_LIBRARY = "libc++";
				CLANG_ENABLE_MODULES = YES;
				CLANG_ENABLE_OBJC_ARC = YES;
				CLANG_WARN_BOOL_CONVERSION = YES;
				CLANG_WARN_CONSTANT_CONVERSION = YES;
				CLANG_WARN_DIRECT_OBJC_ISA_USAGE = YES_ERROR;
				CLANG_WARN_EMPTY_BODY = YES;
				CLANG_WARN_ENUM_CONVERSION = YES;
				CLANG_WARN_INT_CONVERSION = YES;
				CLANG_WARN_OBJC_ROOT_CLASS = YES_ERROR;
				CLANG_WARN_UNREACHABLE_CODE = YES;
				CLANG_WARN__DUPLICATE_METHOD_MATCH = YES;
				"CODE_SIGN_IDENTITY[sdk=iphoneos*]" = "iPhone Distribution: Gurvinder Batra (6Z842A97CR)";
				COPY_PHASE_STRIP = NO;
				DEBUG_INFORMATION_FORMAT = "dwarf-with-dsym";
				ENABLE_STRICT_OBJC_MSGSEND = YES;
				GCC_C_LANGUAGE_STANDARD = gnu99;
				GCC_DYNAMIC_NO_PIC = NO;
				GCC_NO_COMMON_BLOCKS = YES;
				GCC_OPTIMIZATION_LEVEL = 0;
				GCC_PREPROCESSOR_DEFINITIONS = (
					"DEBUG=1",
					"$(inherited)",
				);
				GCC_SYMBOLS_PRIVATE_EXTERN = NO;
				GCC_WARN_64_TO_32_BIT_CONVERSION = YES;
				GCC_WARN_ABOUT_RETURN_TYPE = YES_ERROR;
				GCC_WARN_UNDECLARED_SELECTOR = YES;
				GCC_WARN_UNINITIALIZED_AUTOS = YES_AGGRESSIVE;
				GCC_WARN_UNUSED_FUNCTION = YES;
				GCC_WARN_UNUSED_VARIABLE = YES;
				IPHONEOS_DEPLOYMENT_TARGET = 8.4;
				MTL_ENABLE_DEBUG_INFO = YES;
				ONLY_ACTIVE_ARCH = YES;
				PROVISIONING_PROFILE = "d261b783-fc95-4b36-8934-b0d6867d2bf7";
				SDKROOT = iphoneos;
				TARGETED_DEVICE_FAMILY = "1,2";
			};
			name = Debug;
		};
		D366125B1BBD70690029D701 /* Release */ = {
			isa = XCBuildConfiguration;
			buildSettings = {
				ALWAYS_SEARCH_USER_PATHS = NO;
				CLANG_CXX_LANGUAGE_STANDARD = "gnu++0x";
				CLANG_CXX_LIBRARY = "libc++";
				CLANG_ENABLE_MODULES = YES;
				CLANG_ENABLE_OBJC_ARC = YES;
				CLANG_WARN_BOOL_CONVERSION = YES;
				CLANG_WARN_CONSTANT_CONVERSION = YES;
				CLANG_WARN_DIRECT_OBJC_ISA_USAGE = YES_ERROR;
				CLANG_WARN_EMPTY_BODY = YES;
				CLANG_WARN_ENUM_CONVERSION = YES;
				CLANG_WARN_INT_CONVERSION = YES;
				CLANG_WARN_OBJC_ROOT_CLASS = YES_ERROR;
				CLANG_WARN_UNREACHABLE_CODE = YES;
				CLANG_WARN__DUPLICATE_METHOD_MATCH = YES;
				"CODE_SIGN_IDENTITY[sdk=iphoneos*]" = "iPhone Developer: Gurvinder Batra (Q3HXH3MWZ2)";
				COPY_PHASE_STRIP = NO;
				DEBUG_INFORMATION_FORMAT = "dwarf-with-dsym";
				ENABLE_NS_ASSERTIONS = NO;
				ENABLE_STRICT_OBJC_MSGSEND = YES;
				GCC_C_LANGUAGE_STANDARD = gnu99;
				GCC_NO_COMMON_BLOCKS = YES;
				GCC_WARN_64_TO_32_BIT_CONVERSION = YES;
				GCC_WARN_ABOUT_RETURN_TYPE = YES_ERROR;
				GCC_WARN_UNDECLARED_SELECTOR = YES;
				GCC_WARN_UNINITIALIZED_AUTOS = YES_AGGRESSIVE;
				GCC_WARN_UNUSED_FUNCTION = YES;
				GCC_WARN_UNUSED_VARIABLE = YES;
				IPHONEOS_DEPLOYMENT_TARGET = 8.4;
				MTL_ENABLE_DEBUG_INFO = NO;
				PROVISIONING_PROFILE = "80d39065-1bbb-49ab-a4c1-b032877cb83c";
				SDKROOT = iphoneos;
				TARGETED_DEVICE_FAMILY = "1,2";
				VALIDATE_PRODUCT = YES;
			};
			name = Release;
		};
		D366125D1BBD70690029D701 /* Debug */ = {
			isa = XCBuildConfiguration;
			buildSettings = {
				ASSETCATALOG_COMPILER_APPICON_NAME = AppIcon;
				INFOPLIST_FILE = JenkinsiOS/Info.plist;
				LD_RUNPATH_SEARCH_PATHS = "$(inherited) @executable_path/Frameworks";
				PRODUCT_NAME = "$(TARGET_NAME)";
			};
			name = Debug;
		};
		D366125E1BBD70690029D701 /* Release */ = {
			isa = XCBuildConfiguration;
			buildSettings = {
				ASSETCATALOG_COMPILER_APPICON_NAME = AppIcon;
				"CODE_SIGN_IDENTITY[sdk=iphoneos*]" = "iPhone Developer: Gurvinder Batra (Q3HXH3MWZ2)";
				INFOPLIST_FILE = JenkinsiOS/Info.plist;
				LD_RUNPATH_SEARCH_PATHS = "$(inherited) @executable_path/Frameworks";
				PRODUCT_NAME = "$(TARGET_NAME)";
				PROVISIONING_PROFILE = "80d39065-1bbb-49ab-a4c1-b032877cb83c";
			};
			name = Release;
		};
		D36612601BBD70690029D701 /* Debug */ = {
			isa = XCBuildConfiguration;
			buildSettings = {
				BUNDLE_LOADER = "$(TEST_HOST)";
				FRAMEWORK_SEARCH_PATHS = (
					"$(SDKROOT)/Developer/Library/Frameworks",
					"$(inherited)",
				);
				GCC_PREPROCESSOR_DEFINITIONS = (
					"DEBUG=1",
					"$(inherited)",
				);
				INFOPLIST_FILE = JenkinsiOSTests/Info.plist;
				LD_RUNPATH_SEARCH_PATHS = "$(inherited) @executable_path/Frameworks @loader_path/Frameworks";
				PRODUCT_NAME = "$(TARGET_NAME)";
				TEST_HOST = "$(BUILT_PRODUCTS_DIR)/JenkinsiOS.app/JenkinsiOS";
			};
			name = Debug;
		};
		D36612611BBD70690029D701 /* Release */ = {
			isa = XCBuildConfiguration;
			buildSettings = {
				BUNDLE_LOADER = "$(TEST_HOST)";
				FRAMEWORK_SEARCH_PATHS = (
					"$(SDKROOT)/Developer/Library/Frameworks",
					"$(inherited)",
				);
				INFOPLIST_FILE = JenkinsiOSTests/Info.plist;
				LD_RUNPATH_SEARCH_PATHS = "$(inherited) @executable_path/Frameworks @loader_path/Frameworks";
				PRODUCT_NAME = "$(TARGET_NAME)";
				TEST_HOST = "$(BUILT_PRODUCTS_DIR)/JenkinsiOS.app/JenkinsiOS";
			};
			name = Release;
		};
/* End XCBuildConfiguration section */

/* Begin XCConfigurationList section */
		D36612341BBD70690029D701 /* Build configuration list for PBXProject "JenkinsiOS" */ = {
			isa = XCConfigurationList;
			buildConfigurations = (
				D366125A1BBD70690029D701 /* Debug */,
				D366125B1BBD70690029D701 /* Release */,
			);
			defaultConfigurationIsVisible = 0;
			defaultConfigurationName = Release;
		};
		D366125C1BBD70690029D701 /* Build configuration list for PBXNativeTarget "JenkinsiOS" */ = {
			isa = XCConfigurationList;
			buildConfigurations = (
				D366125D1BBD70690029D701 /* Debug */,
				D366125E1BBD70690029D701 /* Release */,
			);
			defaultConfigurationIsVisible = 0;
			defaultConfigurationName = Release;
		};
		D366125F1BBD70690029D701 /* Build configuration list for PBXNativeTarget "JenkinsiOSTests" */ = {
			isa = XCConfigurationList;
			buildConfigurations = (
				D36612601BBD70690029D701 /* Debug */,
				D36612611BBD70690029D701 /* Release */,
			);
			defaultConfigurationIsVisible = 0;
			defaultConfigurationName = Release;
		};
/* End XCConfigurationList section */
	};
	rootObject = D36612311BBD70690029D701 /* Project object */;
}
